
Microsoft Visual Studio Solution File, Format Version 12.00
# Visual Studio Express 2012 for Windows Desktop
Project("{FAE04EC0-301F-11D3-BF4B-00C04F79EFBC}") = "PI_Ev_2", "PI_Ev_2\PI_Ev_2.csproj", "{8DFBDE99-1788-4266-9186-14F15FBF525B}"
EndProject
Global
	GlobalSection(SolutionConfigurationPlatforms) = preSolution
		Debug|Any CPU = Debug|Any CPU
		Release|Any CPU = Release|Any CPU
	EndGlobalSection
	GlobalSection(ProjectConfigurationPlatforms) = postSolution
		{8DFBDE99-1788-4266-9186-14F15FBF525B}.Debug|Any CPU.ActiveCfg = Debug|Any CPU
		{8DFBDE99-1788-4266-9186-14F15FBF525B}.Debug|Any CPU.Build.0 = Debug|Any CPU
		{8DFBDE99-1788-4266-9186-14F15FBF525B}.Release|Any CPU.ActiveCfg = Release|Any CPU
		{8DFBDE99-1788-4266-9186-14F15FBF525B}.Release|Any CPU.Build.0 = Release|Any CPU
	EndGlobalSection
	GlobalSection(SolutionProperties) = preSolution
		HideSolutionNode = FALSE
	EndGlobalSection
EndGlobal
